// !$*UTF8*$!
{
	archiveVersion = 1;
	classes = {
	};
	objectVersion = 50;
	objects = {

/* Begin PBXBuildFile section */
		501738AD252B538600122018 /* Widgets_Gradient_BugApp.swift in Sources */ = {isa = PBXBuildFile; fileRef = 501738AC252B538600122018 /* Widgets_Gradient_BugApp.swift */; };
		501738AF252B538600122018 /* ContentView.swift in Sources */ = {isa = PBXBuildFile; fileRef = 501738AE252B538600122018 /* ContentView.swift */; };
		501738B1252B538700122018 /* Assets.xcassets in Resources */ = {isa = PBXBuildFile; fileRef = 501738B0252B538700122018 /* Assets.xcassets */; };
		501738B4252B538700122018 /* Preview Assets.xcassets in Resources */ = {isa = PBXBuildFile; fileRef = 501738B3252B538700122018 /* Preview Assets.xcassets */; };
		501738C3252B541300122018 /* WidgetKit.framework in Frameworks */ = {isa = PBXBuildFile; fileRef = 501738C2252B541300122018 /* WidgetKit.framework */; };
		501738C5252B541300122018 /* SwiftUI.framework in Frameworks */ = {isa = PBXBuildFile; fileRef = 501738C4252B541300122018 /* SwiftUI.framework */; };
		501738C8252B541300122018 /* Widgets.swift in Sources */ = {isa = PBXBuildFile; fileRef = 501738C7252B541300122018 /* Widgets.swift */; };
		501738CB252B541500122018 /* Assets.xcassets in Resources */ = {isa = PBXBuildFile; fileRef = 501738CA252B541500122018 /* Assets.xcassets */; };
		501738CD252B541500122018 /* Widgets.intentdefinition in Sources */ = {isa = PBXBuildFile; fileRef = 501738C9252B541300122018 /* Widgets.intentdefinition */; };
		501738CE252B541500122018 /* Widgets.intentdefinition in Sources */ = {isa = PBXBuildFile; fileRef = 501738C9252B541300122018 /* Widgets.intentdefinition */; };
		501738D1252B541500122018 /* WidgetsExtension.appex in Embed App Extensions */ = {isa = PBXBuildFile; fileRef = 501738C0252B541300122018 /* WidgetsExtension.appex */; settings = {ATTRIBUTES = (RemoveHeadersOnCopy, ); }; };
/* End PBXBuildFile section */

/* Begin PBXContainerItemProxy section */
		501738CF252B541500122018 /* PBXContainerItemProxy */ = {
			isa = PBXContainerItemProxy;
			containerPortal = 501738A1252B538600122018 /* Project object */;
			proxyType = 1;
			remoteGlobalIDString = 501738BF252B541300122018;
			remoteInfo = WidgetsExtension;
		};
/* End PBXContainerItemProxy section */

/* Begin PBXCopyFilesBuildPhase section */
		501738D5252B541500122018 /* Embed App Extensions */ = {
			isa = PBXCopyFilesBuildPhase;
			buildActionMask = 2147483647;
			dstPath = "";
			dstSubfolderSpec = 13;
			files = (
				501738D1252B541500122018 /* WidgetsExtension.appex in Embed App Extensions */,
			);
			name = "Embed App Extensions";
			runOnlyForDeploymentPostprocessing = 0;
		};
/* End PBXCopyFilesBuildPhase section */

/* Begin PBXFileReference section */
		501738A9252B538600122018 /* Widgets Gradient Bug.app */ = {isa = PBXFileReference; explicitFileType = wrapper.application; includeInIndex = 0; path = "Widgets Gradient Bug.app"; sourceTree = BUILT_PRODUCTS_DIR; };
		501738AC252B538600122018 /* Widgets_Gradient_BugApp.swift */ = {isa = PBXFileReference; lastKnownFileType = sourcecode.swift; path = Widgets_Gradient_BugApp.swift; sourceTree = "<group>"; };
		501738AE252B538600122018 /* ContentView.swift */ = {isa = PBXFileReference; lastKnownFileType = sourcecode.swift; path = ContentView.swift; sourceTree = "<group>"; };
		501738B0252B538700122018 /* Assets.xcassets */ = {isa = PBXFileReference; lastKnownFileType = folder.assetcatalog; path = Assets.xcassets; sourceTree = "<group>"; };
		501738B3252B538700122018 /* Preview Assets.xcassets */ = {isa = PBXFileReference; lastKnownFileType = folder.assetcatalog; path = "Preview Assets.xcassets"; sourceTree = "<group>"; };
		501738B5252B538700122018 /* Info.plist */ = {isa = PBXFileReference; lastKnownFileType = text.plist.xml; path = Info.plist; sourceTree = "<group>"; };
		501738C0252B541300122018 /* WidgetsExtension.appex */ = {isa = PBXFileReference; explicitFileType = "wrapper.app-extension"; includeInIndex = 0; path = WidgetsExtension.appex; sourceTree = BUILT_PRODUCTS_DIR; };
		501738C2252B541300122018 /* WidgetKit.framework */ = {isa = PBXFileReference; lastKnownFileType = wrapper.framework; name = WidgetKit.framework; path = System/Library/Frameworks/WidgetKit.framework; sourceTree = SDKROOT; };
		501738C4252B541300122018 /* SwiftUI.framework */ = {isa = PBXFileReference; lastKnownFileType = wrapper.framework; name = SwiftUI.framework; path = System/Library/Frameworks/SwiftUI.framework; sourceTree = SDKROOT; };
		501738C7252B541300122018 /* Widgets.swift */ = {isa = PBXFileReference; lastKnownFileType = sourcecode.swift; path = Widgets.swift; sourceTree = "<group>"; };
		501738C9252B541300122018 /* Widgets.intentdefinition */ = {isa = PBXFileReference; lastKnownFileType = file.intentdefinition; path = Widgets.intentdefinition; sourceTree = "<group>"; };
		501738CA252B541500122018 /* Assets.xcassets */ = {isa = PBXFileReference; lastKnownFileType = folder.assetcatalog; path = Assets.xcassets; sourceTree = "<group>"; };
		501738CC252B541500122018 /* Info.plist */ = {isa = PBXFileReference; lastKnownFileType = text.plist.xml; path = Info.plist; sourceTree = "<group>"; };
/* End PBXFileReference section */

/* Begin PBXFrameworksBuildPhase section */
		501738A6252B538600122018 /* Frameworks */ = {
			isa = PBXFrameworksBuildPhase;
			buildActionMask = 2147483647;
			files = (
			);
			runOnlyForDeploymentPostprocessing = 0;
		};
		501738BD252B541300122018 /* Frameworks */ = {
			isa = PBXFrameworksBuildPhase;
			buildActionMask = 2147483647;
			files = (
				501738C5252B541300122018 /* SwiftUI.framework in Frameworks */,
				501738C3252B541300122018 /* WidgetKit.framework in Frameworks */,
			);
			runOnlyForDeploymentPostprocessing = 0;
		};
/* End PBXFrameworksBuildPhase section */

/* Begin PBXGroup section */
		501738A0252B538600122018 = {
			isa = PBXGroup;
			children = (
				501738AB252B538600122018 /* Widgets Gradient Bug */,
				501738C6252B541300122018 /* Widgets */,
				501738C1252B541300122018 /* Frameworks */,
				501738AA252B538600122018 /* Products */,
			);
			sourceTree = "<group>";
		};
		501738AA252B538600122018 /* Products */ = {
			isa = PBXGroup;
			children = (
				501738A9252B538600122018 /* Widgets Gradient Bug.app */,
				501738C0252B541300122018 /* WidgetsExtension.appex */,
			);
			name = Products;
			sourceTree = "<group>";
		};
		501738AB252B538600122018 /* Widgets Gradient Bug */ = {
			isa = PBXGroup;
			children = (
				501738AC252B538600122018 /* Widgets_Gradient_BugApp.swift */,
				501738AE252B538600122018 /* ContentView.swift */,
				501738B0252B538700122018 /* Assets.xcassets */,
				501738B5252B538700122018 /* Info.plist */,
				501738B2252B538700122018 /* Preview Content */,
			);
			path = "Widgets Gradient Bug";
			sourceTree = "<group>";
		};
		501738B2252B538700122018 /* Preview Content */ = {
			isa = PBXGroup;
			children = (
				501738B3252B538700122018 /* Preview Assets.xcassets */,
			);
			path = "Preview Content";
			sourceTree = "<group>";
		};
		501738C1252B541300122018 /* Frameworks */ = {
			isa = PBXGroup;
			children = (
				501738C2252B541300122018 /* WidgetKit.framework */,
				501738C4252B541300122018 /* SwiftUI.framework */,
			);
			name = Frameworks;
			sourceTree = "<group>";
		};
		501738C6252B541300122018 /* Widgets */ = {
			isa = PBXGroup;
			children = (
				501738C7252B541300122018 /* Widgets.swift */,
				501738C9252B541300122018 /* Widgets.intentdefinition */,
				501738CA252B541500122018 /* Assets.xcassets */,
				501738CC252B541500122018 /* Info.plist */,
			);
			path = Widgets;
			sourceTree = "<group>";
		};
/* End PBXGroup section */

/* Begin PBXNativeTarget section */
		501738A8252B538600122018 /* Widgets Gradient Bug */ = {
			isa = PBXNativeTarget;
			buildConfigurationList = 501738B8252B538700122018 /* Build configuration list for PBXNativeTarget "Widgets Gradient Bug" */;
			buildPhases = (
				501738A5252B538600122018 /* Sources */,
				501738A6252B538600122018 /* Frameworks */,
				501738A7252B538600122018 /* Resources */,
				501738D5252B541500122018 /* Embed App Extensions */,
			);
			buildRules = (
			);
			dependencies = (
				501738D0252B541500122018 /* PBXTargetDependency */,
			);
			name = "Widgets Gradient Bug";
			productName = "Widgets Gradient Bug";
			productReference = 501738A9252B538600122018 /* Widgets Gradient Bug.app */;
			productType = "com.apple.product-type.application";
		};
		501738BF252B541300122018 /* WidgetsExtension */ = {
			isa = PBXNativeTarget;
			buildConfigurationList = 501738D2252B541500122018 /* Build configuration list for PBXNativeTarget "WidgetsExtension" */;
			buildPhases = (
				501738BC252B541300122018 /* Sources */,
				501738BD252B541300122018 /* Frameworks */,
				501738BE252B541300122018 /* Resources */,
			);
			buildRules = (
			);
			dependencies = (
			);
			name = WidgetsExtension;
			productName = WidgetsExtension;
			productReference = 501738C0252B541300122018 /* WidgetsExtension.appex */;
			productType = "com.apple.product-type.app-extension";
		};
/* End PBXNativeTarget section */

/* Begin PBXProject section */
		501738A1252B538600122018 /* Project object */ = {
			isa = PBXProject;
			attributes = {
				LastSwiftUpdateCheck = 1200;
				LastUpgradeCheck = 1200;
				TargetAttributes = {
					501738A8252B538600122018 = {
						CreatedOnToolsVersion = 12.0.1;
					};
					501738BF252B541300122018 = {
						CreatedOnToolsVersion = 12.0.1;
					};
				};
			};
			buildConfigurationList = 501738A4252B538600122018 /* Build configuration list for PBXProject "Widgets Gradient Bug" */;
			compatibilityVersion = "Xcode 9.3";
			developmentRegion = en;
			hasScannedForEncodings = 0;
			knownRegions = (
				en,
				Base,
			);
			mainGroup = 501738A0252B538600122018;
			productRefGroup = 501738AA252B538600122018 /* Products */;
			projectDirPath = "";
			projectRoot = "";
			targets = (
				501738A8252B538600122018 /* Widgets Gradient Bug */,
				501738BF252B541300122018 /* WidgetsExtension */,
			);
		};
/* End PBXProject section */

/* Begin PBXResourcesBuildPhase section */
		501738A7252B538600122018 /* Resources */ = {
			isa = PBXResourcesBuildPhase;
			buildActionMask = 2147483647;
			files = (
				501738B4252B538700122018 /* Preview Assets.xcassets in Resources */,
				501738B1252B538700122018 /* Assets.xcassets in Resources */,
			);
			runOnlyForDeploymentPostprocessing = 0;
		};
		501738BE252B541300122018 /* Resources */ = {
			isa = PBXResourcesBuildPhase;
			buildActionMask = 2147483647;
			files = (
				501738CB252B541500122018 /* Assets.xcassets in Resources */,
			);
			runOnlyForDeploymentPostprocessing = 0;
		};
/* End PBXResourcesBuildPhase section */

/* Begin PBXSourcesBuildPhase section */
		501738A5252B538600122018 /* Sources */ = {
			isa = PBXSourcesBuildPhase;
			buildActionMask = 2147483647;
			files = (
				501738AF252B538600122018 /* ContentView.swift in Sources */,
				501738CE252B541500122018 /* Widgets.intentdefinition in Sources */,
				501738AD252B538600122018 /* Widgets_Gradient_BugApp.swift in Sources */,
			);
			runOnlyForDeploymentPostprocessing = 0;
		};
		501738BC252B541300122018 /* Sources */ = {
			isa = PBXSourcesBuildPhase;
			buildActionMask = 2147483647;
			files = (
				501738CD252B541500122018 /* Widgets.intentdefinition in Sources */,
				501738C8252B541300122018 /* Widgets.swift in Sources */,
			);
			runOnlyForDeploymentPostprocessing = 0;
		};
/* End PBXSourcesBuildPhase section */

/* Begin PBXTargetDependency section */
		501738D0252B541500122018 /* PBXTargetDependency */ = {
			isa = PBXTargetDependency;
			target = 501738BF252B541300122018 /* WidgetsExtension */;
			targetProxy = 501738CF252B541500122018 /* PBXContainerItemProxy */;
		};
/* End PBXTargetDependency section */

/* Begin XCBuildConfiguration section */
		501738B6252B538700122018 /* Debug */ = {
			isa = XCBuildConfiguration;
			buildSettings = {
				ALWAYS_SEARCH_USER_PATHS = NO;
				CLANG_ANALYZER_NONNULL = YES;
				CLANG_ANALYZER_NUMBER_OBJECT_CONVERSION = YES_AGGRESSIVE;
				CLANG_CXX_LANGUAGE_STANDARD = "gnu++14";
				CLANG_CXX_LIBRARY = "libc++";
				CLANG_ENABLE_MODULES = YES;
				CLANG_ENABLE_OBJC_ARC = YES;
				CLANG_ENABLE_OBJC_WEAK = YES;
				CLANG_WARN_BLOCK_CAPTURE_AUTORELEASING = YES;
				CLANG_WARN_BOOL_CONVERSION = YES;
				CLANG_WARN_COMMA = YES;
				CLANG_WARN_CONSTANT_CONVERSION = YES;
				CLANG_WARN_DEPRECATED_OBJC_IMPLEMENTATIONS = YES;
				CLANG_WARN_DIRECT_OBJC_ISA_USAGE = YES_ERROR;
				CLANG_WARN_DOCUMENTATION_COMMENTS = YES;
				CLANG_WARN_EMPTY_BODY = YES;
				CLANG_WARN_ENUM_CONVERSION = YES;
				CLANG_WARN_INFINITE_RECURSION = YES;
				CLANG_WARN_INT_CONVERSION = YES;
				CLANG_WARN_NON_LITERAL_NULL_CONVERSION = YES;
				CLANG_WARN_OBJC_IMPLICIT_RETAIN_SELF = YES;
				CLANG_WARN_OBJC_LITERAL_CONVERSION = YES;
				CLANG_WARN_OBJC_ROOT_CLASS = YES_ERROR;
				CLANG_WARN_QUOTED_INCLUDE_IN_FRAMEWORK_HEADER = YES;
				CLANG_WARN_RANGE_LOOP_ANALYSIS = YES;
				CLANG_WARN_STRICT_PROTOTYPES = YES;
				CLANG_WARN_SUSPICIOUS_MOVE = YES;
				CLANG_WARN_UNGUARDED_AVAILABILITY = YES_AGGRESSIVE;
				CLANG_WARN_UNREACHABLE_CODE = YES;
				CLANG_WARN__DUPLICATE_METHOD_MATCH = YES;
				COPY_PHASE_STRIP = NO;
				DEBUG_INFORMATION_FORMAT = dwarf;
				ENABLE_STRICT_OBJC_MSGSEND = YES;
				ENABLE_TESTABILITY = YES;
				GCC_C_LANGUAGE_STANDARD = gnu11;
				GCC_DYNAMIC_NO_PIC = NO;
				GCC_NO_COMMON_BLOCKS = YES;
				GCC_OPTIMIZATION_LEVEL = 0;
				GCC_PREPROCESSOR_DEFINITIONS = (
					"DEBUG=1",
					"$(inherited)",
				);
				GCC_WARN_64_TO_32_BIT_CONVERSION = YES;
				GCC_WARN_ABOUT_RETURN_TYPE = YES_ERROR;
				GCC_WARN_UNDECLARED_SELECTOR = YES;
				GCC_WARN_UNINITIALIZED_AUTOS = YES_AGGRESSIVE;
				GCC_WARN_UNUSED_FUNCTION = YES;
				GCC_WARN_UNUSED_VARIABLE = YES;
				IPHONEOS_DEPLOYMENT_TARGET = 14.0;
				MTL_ENABLE_DEBUG_INFO = INCLUDE_SOURCE;
				MTL_FAST_MATH = YES;
				ONLY_ACTIVE_ARCH = YES;
				SDKROOT = iphoneos;
				SWIFT_ACTIVE_COMPILATION_CONDITIONS = DEBUG;
				SWIFT_OPTIMIZATION_LEVEL = "-Onone";
			};
			name = Debug;
		};
		501738B7252B538700122018 /* Release */ = {
			isa = XCBuildConfiguration;
			buildSettings = {
				ALWAYS_SEARCH_USER_PATHS = NO;
				CLANG_ANALYZER_NONNULL = YES;
				CLANG_ANALYZER_NUMBER_OBJECT_CONVERSION = YES_AGGRESSIVE;
				CLANG_CXX_LANGUAGE_STANDARD = "gnu++14";
				CLANG_CXX_LIBRARY = "libc++";
				CLANG_ENABLE_MODULES = YES;
				CLANG_ENABLE_OBJC_ARC = YES;
				CLANG_ENABLE_OBJC_WEAK = YES;
				CLANG_WARN_BLOCK_CAPTURE_AUTORELEASING = YES;
				CLANG_WARN_BOOL_CONVERSION = YES;
				CLANG_WARN_COMMA = YES;
				CLANG_WARN_CONSTANT_CONVERSION = YES;
				CLANG_WARN_DEPRECATED_OBJC_IMPLEMENTATIONS = YES;
				CLANG_WARN_DIRECT_OBJC_ISA_USAGE = YES_ERROR;
				CLANG_WARN_DOCUMENTATION_COMMENTS = YES;
				CLANG_WARN_EMPTY_BODY = YES;
				CLANG_WARN_ENUM_CONVERSION = YES;
				CLANG_WARN_INFINITE_RECURSION = YES;
				CLANG_WARN_INT_CONVERSION = YES;
				CLANG_WARN_NON_LITERAL_NULL_CONVERSION = YES;
				CLANG_WARN_OBJC_IMPLICIT_RETAIN_SELF = YES;
				CLANG_WARN_OBJC_LITERAL_CONVERSION = YES;
				CLANG_WARN_OBJC_ROOT_CLASS = YES_ERROR;
				CLANG_WARN_QUOTED_INCLUDE_IN_FRAMEWORK_HEADER = YES;
				CLANG_WARN_RANGE_LOOP_ANALYSIS = YES;
				CLANG_WARN_STRICT_PROTOTYPES = YES;
				CLANG_WARN_SUSPICIOUS_MOVE = YES;
				CLANG_WARN_UNGUARDED_AVAILABILITY = YES_AGGRESSIVE;
				CLANG_WARN_UNREACHABLE_CODE = YES;
				CLANG_WARN__DUPLICATE_METHOD_MATCH = YES;
				COPY_PHASE_STRIP = NO;
				DEBUG_INFORMATION_FORMAT = "dwarf-with-dsym";
				ENABLE_NS_ASSERTIONS = NO;
				ENABLE_STRICT_OBJC_MSGSEND = YES;
				GCC_C_LANGUAGE_STANDARD = gnu11;
				GCC_NO_COMMON_BLOCKS = YES;
				GCC_WARN_64_TO_32_BIT_CONVERSION = YES;
				GCC_WARN_ABOUT_RETURN_TYPE = YES_ERROR;
				GCC_WARN_UNDECLARED_SELECTOR = YES;
				GCC_WARN_UNINITIALIZED_AUTOS = YES_AGGRESSIVE;
				GCC_WARN_UNUSED_FUNCTION = YES;
				GCC_WARN_UNUSED_VARIABLE = YES;
				IPHONEOS_DEPLOYMENT_TARGET = 14.0;
				MTL_ENABLE_DEBUG_INFO = NO;
				MTL_FAST_MATH = YES;
				SDKROOT = iphoneos;
				SWIFT_COMPILATION_MODE = wholemodule;
				SWIFT_OPTIMIZATION_LEVEL = "-O";
				VALIDATE_PRODUCT = YES;
			};
			name = Release;
		};
		501738B9252B538700122018 /* Debug */ = {
			isa = XCBuildConfiguration;
			buildSettings = {
				ALWAYS_EMBED_SWIFT_STANDARD_LIBRARIES = YES;
				ASSETCATALOG_COMPILER_APPICON_NAME = AppIcon;
				ASSETCATALOG_COMPILER_GLOBAL_ACCENT_COLOR_NAME = AccentColor;
				CODE_SIGN_STYLE = Automatic;
				DEVELOPMENT_ASSET_PATHS = "\"Widgets Gradient Bug/Preview Content\"";
				ENABLE_PREVIEWS = YES;
				INFOPLIST_FILE = "Widgets Gradient Bug/Info.plist";
				IPHONEOS_DEPLOYMENT_TARGET = 14.0;
				LD_RUNPATH_SEARCH_PATHS = (
					"$(inherited)",
					"@executable_path/Frameworks",
				);
				PRODUCT_BUNDLE_IDENTIFIER = "com.maximbilan.Widgets-Gradient-Bug";
				PRODUCT_NAME = "$(TARGET_NAME)";
				SWIFT_VERSION = 5.0;
				TARGETED_DEVICE_FAMILY = "1,2";
			};
			name = Debug;
		};
		501738BA252B538700122018 /* Release */ = {
			isa = XCBuildConfiguration;
			buildSettings = {
				ALWAYS_EMBED_SWIFT_STANDARD_LIBRARIES = YES;
				ASSETCATALOG_COMPILER_APPICON_NAME = AppIcon;
				ASSETCATALOG_COMPILER_GLOBAL_ACCENT_COLOR_NAME = AccentColor;
				CODE_SIGN_STYLE = Automatic;
				DEVELOPMENT_ASSET_PATHS = "\"Widgets Gradient Bug/Preview Content\"";
				ENABLE_PREVIEWS = YES;
				INFOPLIST_FILE = "Widgets Gradient Bug/Info.plist";
				IPHONEOS_DEPLOYMENT_TARGET = 14.0;
				LD_RUNPATH_SEARCH_PATHS = (
					"$(inherited)",
					"@executable_path/Frameworks",
				);
				PRODUCT_BUNDLE_IDENTIFIER = "com.maximbilan.Widgets-Gradient-Bug";
				PRODUCT_NAME = "$(TARGET_NAME)";
				SWIFT_VERSION = 5.0;
				TARGETED_DEVICE_FAMILY = "1,2";
			};
			name = Release;
		};
		501738D3252B541500122018 /* Debug */ = {
			isa = XCBuildConfiguration;
			buildSettings = {
				ASSETCATALOG_COMPILER_GLOBAL_ACCENT_COLOR_NAME = AccentColor;
				ASSETCATALOG_COMPILER_WIDGET_BACKGROUND_COLOR_NAME = WidgetBackground;
				CODE_SIGN_STYLE = Automatic;
				INFOPLIST_FILE = Widgets/Info.plist;
				LD_RUNPATH_SEARCH_PATHS = (
					"$(inherited)",
					"@executable_path/Frameworks",
					"@executable_path/../../Frameworks",
				);
				PRODUCT_BUNDLE_IDENTIFIER = "com.maximbilan.Widgets-Gradient-Bug.Widgets";
				PRODUCT_NAME = "$(TARGET_NAME)";
				SKIP_INSTALL = YES;
				SWIFT_VERSION = 5.0;
				TARGETED_DEVICE_FAMILY = "1,2";
			};
			name = Debug;
		};
		501738D4252B541500122018 /* Release */ = {
			isa = XCBuildConfiguration;
			buildSettings = {
				ASSETCATALOG_COMPILER_GLOBAL_ACCENT_COLOR_NAME = AccentColor;
				ASSETCATALOG_COMPILER_WIDGET_BACKGROUND_COLOR_NAME = WidgetBackground;
				CODE_SIGN_STYLE = Automatic;
				INFOPLIST_FILE = Widgets/Info.plist;
				LD_RUNPATH_SEARCH_PATHS = (
					"$(inherited)",
					"@executable_path/Frameworks",
					"@executable_path/../../Frameworks",
				);
				PRODUCT_BUNDLE_IDENTIFIER = "com.maximbilan.Widgets-Gradient-Bug.Widgets";
				PRODUCT_NAME = "$(TARGET_NAME)";
				SKIP_INSTALL = YES;
				SWIFT_VERSION = 5.0;
				TARGETED_DEVICE_FAMILY = "1,2";
			};
			name = Release;
		};
/* End XCBuildConfiguration section */

/* Begin XCConfigurationList section */
		501738A4252B538600122018 /* Build configuration list for PBXProject "Widgets Gradient Bug" */ = {
			isa = XCConfigurationList;
			buildConfigurations = (
				501738B6252B538700122018 /* Debug */,
				501738B7252B538700122018 /* Release */,
			);
			defaultConfigurationIsVisible = 0;
			defaultConfigurationName = Release;
		};
		501738B8252B538700122018 /* Build configuration list for PBXNativeTarget "Widgets Gradient Bug" */ = {
			isa = XCConfigurationList;
			buildConfigurations = (
				501738B9252B538700122018 /* Debug */,
				501738BA252B538700122018 /* Release */,
			);
			defaultConfigurationIsVisible = 0;
			defaultConfigurationName = Release;
		};
		501738D2252B541500122018 /* Build configuration list for PBXNativeTarget "WidgetsExtension" */ = {
			isa = XCConfigurationList;
			buildConfigurations = (
				501738D3252B541500122018 /* Debug */,
				501738D4252B541500122018 /* Release */,
			);
			defaultConfigurationIsVisible = 0;
			defaultConfigurationName = Release;
		};
/* End XCConfigurationList section */
	};
	rootObject = 501738A1252B538600122018 /* Project object */;
}
